
Microsoft Visual Studio Solution File, Format Version 12.00
# Visual Studio Version 16
VisualStudioVersion = 16.0.29905.134
MinimumVisualStudioVersion = 10.0.40219.1
Project("{E24C65DC-7377-472B-9ABA-BC803B73C61A}") = "WebPerformance", "WebPerformance\", "{5D478101-5E83-4C2C-9627-1423CFCEE3C7}"
	ProjectSection(WebsiteProperties) = preProject
		TargetFrameworkMoniker = ".NETFramework,Version%3Dv4.7.2"
		Debug.AspNetCompiler.VirtualPath = "/localhost_61371"
		Debug.AspNetCompiler.PhysicalPath = "WebPerformance\"
		Debug.AspNetCompiler.TargetPath = "PrecompiledWeb\localhost_61371\"
		Debug.AspNetCompiler.Updateable = "true"
		Debug.AspNetCompiler.ForceOverwrite = "true"
		Debug.AspNetCompiler.FixedNames = "false"
		Debug.AspNetCompiler.Debug = "True"
		Release.AspNetCompiler.VirtualPath = "/localhost_61371"
		Release.AspNetCompiler.PhysicalPath = "WebPerformance\"
		Release.AspNetCompiler.TargetPath = "PrecompiledWeb\localhost_61371\"
		Release.AspNetCompiler.Updateable = "true"
		Release.AspNetCompiler.ForceOverwrite = "true"
		Release.AspNetCompiler.FixedNames = "false"
		Release.AspNetCompiler.Debug = "False"
		VWDPort = "61371"
		SlnRelativePath = "WebPerformance\"
		DefaultWebSiteLanguage = "Visual C#"
	EndProjectSection
EndProject
Global
	GlobalSection(SolutionConfigurationPlatforms) = preSolution
		Debug|Any CPU = Debug|Any CPU
	EndGlobalSection
	GlobalSection(ProjectConfigurationPlatforms) = postSolution
		{5D478101-5E83-4C2C-9627-1423CFCEE3C7}.Debug|Any CPU.ActiveCfg = Debug|Any CPU
		{5D478101-5E83-4C2C-9627-1423CFCEE3C7}.Debug|Any CPU.Build.0 = Debug|Any CPU
	EndGlobalSection
	GlobalSection(SolutionProperties) = preSolution
		HideSolutionNode = FALSE
	EndGlobalSection
	GlobalSection(ExtensibilityGlobals) = postSolution
		SolutionGuid = {D9B360DA-C251-4637-957A-B31A8D61FBDC}
	EndGlobalSection
EndGlobal
